
Microsoft Visual Studio Solution File, Format Version 12.00
# Visual Studio Version 17
VisualStudioVersion = 17.7.34003.232
MinimumVisualStudioVersion = 10.0.40219.1
Project("{FAE04EC0-301F-11D3-BF4B-00C04F79EFBC}") = "PhanHeDocGia", "PhanHeDocGia.csproj", "{6E65FEC1-2C28-4CDC-B815-C0269F246DEC}"
EndProject
Global
	GlobalSection(SolutionConfigurationPlatforms) = preSolution
		Debug|Any CPU = Debug|Any CPU
		Release|Any CPU = Release|Any CPU
	EndGlobalSection
	GlobalSection(ProjectConfigurationPlatforms) = postSolution
		{6E65FEC1-2C28-4CDC-B815-C0269F246DEC}.Debug|Any CPU.ActiveCfg = Debug|Any CPU
		{6E65FEC1-2C28-4CDC-B815-C0269F246DEC}.Debug|Any CPU.Build.0 = Debug|Any CPU
		{6E65FEC1-2C28-4CDC-B815-C0269F246DEC}.Release|Any CPU.ActiveCfg = Release|Any CPU
		{6E65FEC1-2C28-4CDC-B815-C0269F246DEC}.Release|Any CPU.Build.0 = Release|Any CPU
	EndGlobalSection
	GlobalSection(SolutionProperties) = preSolution
		HideSolutionNode = FALSE
	EndGlobalSection
	GlobalSection(ExtensibilityGlobals) = postSolution
		SolutionGuid = {3889145A-3F56-486A-9F9E-A86E14249F84}
	EndGlobalSection
EndGlobal
